
Microsoft Visual Studio Solution File, Format Version 12.00
# Visual Studio 15
VisualStudioVersion = 15.0.28307.421
MinimumVisualStudioVersion = 10.0.40219.1
Project("{FAE04EC0-301F-11D3-BF4B-00C04F79EFBC}") = "GreatOutdoors.Entities", "GreatOutdoors.Entities\GreatOutdoors.Entities.csproj", "{E3893A5F-20F3-47ED-895E-EF80AE530F5E}"
EndProject
Project("{FAE04EC0-301F-11D3-BF4B-00C04F79EFBC}") = "GreatOutdoors.Exceptions", "GreatOutdoors.Exceptions\GreatOutdoors.Exceptions.csproj", "{D878DB7A-1C9C-419F-BC0C-9A07C749BF6C}"
EndProject
Project("{FAE04EC0-301F-11D3-BF4B-00C04F79EFBC}") = "GreatOutdoors.DataAccessLayer", "GreatOutdoors.DataAccessLayer\GreatOutdoors.DataAccessLayer.csproj", "{38EF7811-A6D4-4EE4-B82B-75F2FA4B43D7}"
EndProject
Project("{FAE04EC0-301F-11D3-BF4B-00C04F79EFBC}") = "GreatOutdoors.BusinessLayer", "GreatOutdoors.BusinessLayer\GreatOutdoors.BusinessLayer.csproj", "{817F6F17-F06E-49ED-81C1-34DEA660FA98}"
EndProject
Project("{FAE04EC0-301F-11D3-BF4B-00C04F79EFBC}") = "GreatOutdoors.PresentationLayer", "GreatOutdoors.PresentationLayer\GreatOutdoors.PresentationLayer.csproj", "{F9D161EF-4AAF-466A-9571-3767C5D7F2D9}"
EndProject
Global
	GlobalSection(SolutionConfigurationPlatforms) = preSolution
		Debug|Any CPU = Debug|Any CPU
		Release|Any CPU = Release|Any CPU
	EndGlobalSection
	GlobalSection(ProjectConfigurationPlatforms) = postSolution
		{E3893A5F-20F3-47ED-895E-EF80AE530F5E}.Debug|Any CPU.ActiveCfg = Debug|Any CPU
		{E3893A5F-20F3-47ED-895E-EF80AE530F5E}.Debug|Any CPU.Build.0 = Debug|Any CPU
		{E3893A5F-20F3-47ED-895E-EF80AE530F5E}.Release|Any CPU.ActiveCfg = Release|Any CPU
		{E3893A5F-20F3-47ED-895E-EF80AE530F5E}.Release|Any CPU.Build.0 = Release|Any CPU
		{D878DB7A-1C9C-419F-BC0C-9A07C749BF6C}.Debug|Any CPU.ActiveCfg = Debug|Any CPU
		{D878DB7A-1C9C-419F-BC0C-9A07C749BF6C}.Debug|Any CPU.Build.0 = Debug|Any CPU
		{D878DB7A-1C9C-419F-BC0C-9A07C749BF6C}.Release|Any CPU.ActiveCfg = Release|Any CPU
		{D878DB7A-1C9C-419F-BC0C-9A07C749BF6C}.Release|Any CPU.Build.0 = Release|Any CPU
		{38EF7811-A6D4-4EE4-B82B-75F2FA4B43D7}.Debug|Any CPU.ActiveCfg = Debug|Any CPU
		{38EF7811-A6D4-4EE4-B82B-75F2FA4B43D7}.Debug|Any CPU.Build.0 = Debug|Any CPU
		{38EF7811-A6D4-4EE4-B82B-75F2FA4B43D7}.Release|Any CPU.ActiveCfg = Release|Any CPU
		{38EF7811-A6D4-4EE4-B82B-75F2FA4B43D7}.Release|Any CPU.Build.0 = Release|Any CPU
		{817F6F17-F06E-49ED-81C1-34DEA660FA98}.Debug|Any CPU.ActiveCfg = Debug|Any CPU
		{817F6F17-F06E-49ED-81C1-34DEA660FA98}.Debug|Any CPU.Build.0 = Debug|Any CPU
		{817F6F17-F06E-49ED-81C1-34DEA660FA98}.Release|Any CPU.ActiveCfg = Release|Any CPU
		{817F6F17-F06E-49ED-81C1-34DEA660FA98}.Release|Any CPU.Build.0 = Release|Any CPU
		{F9D161EF-4AAF-466A-9571-3767C5D7F2D9}.Debug|Any CPU.ActiveCfg = Debug|Any CPU
		{F9D161EF-4AAF-466A-9571-3767C5D7F2D9}.Debug|Any CPU.Build.0 = Debug|Any CPU
		{F9D161EF-4AAF-466A-9571-3767C5D7F2D9}.Release|Any CPU.ActiveCfg = Release|Any CPU
		{F9D161EF-4AAF-466A-9571-3767C5D7F2D9}.Release|Any CPU.Build.0 = Release|Any CPU
	EndGlobalSection
	GlobalSection(SolutionProperties) = preSolution
		HideSolutionNode = FALSE
	EndGlobalSection
	GlobalSection(ExtensibilityGlobals) = postSolution
		SolutionGuid = {FBEEF3B9-A91E-4C3C-8184-A780F4903529}
	EndGlobalSection
EndGlobal
